
Microsoft Visual Studio Solution File, Format Version 12.00
# Visual Studio Version 16
VisualStudioVersion = 16.0.31005.135
MinimumVisualStudioVersion = 10.0.40219.1
Project("{FAE04EC0-301F-11D3-BF4B-00C04F79EFBC}") = "Launcher", "Launcher\Launcher.csproj", "{5A6188B6-9A94-46B8-85C9-3FF34033B891}"
EndProject
Global
	GlobalSection(SolutionConfigurationPlatforms) = preSolution
		Debug|Any CPU = Debug|Any CPU
		Release|Any CPU = Release|Any CPU
	EndGlobalSection
	GlobalSection(ProjectConfigurationPlatforms) = postSolution
		{5A6188B6-9A94-46B8-85C9-3FF34033B891}.Debug|Any CPU.ActiveCfg = Debug|Any CPU
		{5A6188B6-9A94-46B8-85C9-3FF34033B891}.Debug|Any CPU.Build.0 = Debug|Any CPU
		{5A6188B6-9A94-46B8-85C9-3FF34033B891}.Release|Any CPU.ActiveCfg = Release|Any CPU
		{5A6188B6-9A94-46B8-85C9-3FF34033B891}.Release|Any CPU.Build.0 = Release|Any CPU
	EndGlobalSection
	GlobalSection(SolutionProperties) = preSolution
		HideSolutionNode = FALSE
	EndGlobalSection
	GlobalSection(ExtensibilityGlobals) = postSolution
		SolutionGuid = {89FD6DA0-AF27-4FC0-B0B5-FAA7830DC978}
	EndGlobalSection
EndGlobal
